
Microsoft Visual Studio Solution File, Format Version 12.00
# Visual Studio 2012
Project("{FAE04EC0-301F-11D3-BF4B-00C04F79EFBC}") = "CarApp", "CarApp\CarApp.csproj", "{7C8056D3-7CE1-4C03-851C-6E7BEDFFECB3}"
EndProject
Global
	GlobalSection(SolutionConfigurationPlatforms) = preSolution
		Debug|Any CPU = Debug|Any CPU
		Release|Any CPU = Release|Any CPU
	EndGlobalSection
	GlobalSection(ProjectConfigurationPlatforms) = postSolution
		{7C8056D3-7CE1-4C03-851C-6E7BEDFFECB3}.Debug|Any CPU.ActiveCfg = Debug|Any CPU
		{7C8056D3-7CE1-4C03-851C-6E7BEDFFECB3}.Debug|Any CPU.Build.0 = Debug|Any CPU
		{7C8056D3-7CE1-4C03-851C-6E7BEDFFECB3}.Release|Any CPU.ActiveCfg = Release|Any CPU
		{7C8056D3-7CE1-4C03-851C-6E7BEDFFECB3}.Release|Any CPU.Build.0 = Release|Any CPU
	EndGlobalSection
	GlobalSection(SolutionProperties) = preSolution
		HideSolutionNode = FALSE
	EndGlobalSection
EndGlobal
